
Microsoft Visual Studio Solution File, Format Version 12.00
# Visual Studio Version 17
VisualStudioVersion = 17.6.33723.286
MinimumVisualStudioVersion = 10.0.40219.1
Project("{9A19103F-16F7-4668-BE54-9A1E7A4F7556}") = "UI", "UI\UI.csproj", "{6C0959EF-6E99-464A-80C7-31A19EE037D7}"
EndProject
Project("{FAE04EC0-301F-11D3-BF4B-00C04F79EFBC}") = "TypeLayer", "TypeLayer\TypeLayer.csproj", "{F494FDCC-28C8-4702-8C3E-61B3AB9D97B9}"
EndProject
Project("{FAE04EC0-301F-11D3-BF4B-00C04F79EFBC}") = "BusinessLayer", "BusinessLayer\BusinessLayer.csproj", "{A528A555-EF87-4DBF-BF6E-CA7388A44236}"
EndProject
Project("{FAE04EC0-301F-11D3-BF4B-00C04F79EFBC}") = "DataLayer", "DataLayer\DataLayer.csproj", "{B5C1D282-D5EB-4EFC-BA9B-1BE90B0B0D0E}"
EndProject
Global
	GlobalSection(SolutionConfigurationPlatforms) = preSolution
		Debug|Any CPU = Debug|Any CPU
		Release|Any CPU = Release|Any CPU
	EndGlobalSection
	GlobalSection(ProjectConfigurationPlatforms) = postSolution
		{6C0959EF-6E99-464A-80C7-31A19EE037D7}.Debug|Any CPU.ActiveCfg = Debug|Any CPU
		{6C0959EF-6E99-464A-80C7-31A19EE037D7}.Debug|Any CPU.Build.0 = Debug|Any CPU
		{6C0959EF-6E99-464A-80C7-31A19EE037D7}.Release|Any CPU.ActiveCfg = Release|Any CPU
		{6C0959EF-6E99-464A-80C7-31A19EE037D7}.Release|Any CPU.Build.0 = Release|Any CPU
		{F494FDCC-28C8-4702-8C3E-61B3AB9D97B9}.Debug|Any CPU.ActiveCfg = Debug|Any CPU
		{F494FDCC-28C8-4702-8C3E-61B3AB9D97B9}.Debug|Any CPU.Build.0 = Debug|Any CPU
		{F494FDCC-28C8-4702-8C3E-61B3AB9D97B9}.Release|Any CPU.ActiveCfg = Release|Any CPU
		{F494FDCC-28C8-4702-8C3E-61B3AB9D97B9}.Release|Any CPU.Build.0 = Release|Any CPU
		{A528A555-EF87-4DBF-BF6E-CA7388A44236}.Debug|Any CPU.ActiveCfg = Debug|Any CPU
		{A528A555-EF87-4DBF-BF6E-CA7388A44236}.Debug|Any CPU.Build.0 = Debug|Any CPU
		{A528A555-EF87-4DBF-BF6E-CA7388A44236}.Release|Any CPU.ActiveCfg = Release|Any CPU
		{A528A555-EF87-4DBF-BF6E-CA7388A44236}.Release|Any CPU.Build.0 = Release|Any CPU
		{B5C1D282-D5EB-4EFC-BA9B-1BE90B0B0D0E}.Debug|Any CPU.ActiveCfg = Debug|Any CPU
		{B5C1D282-D5EB-4EFC-BA9B-1BE90B0B0D0E}.Debug|Any CPU.Build.0 = Debug|Any CPU
		{B5C1D282-D5EB-4EFC-BA9B-1BE90B0B0D0E}.Release|Any CPU.ActiveCfg = Release|Any CPU
		{B5C1D282-D5EB-4EFC-BA9B-1BE90B0B0D0E}.Release|Any CPU.Build.0 = Release|Any CPU
	EndGlobalSection
	GlobalSection(SolutionProperties) = preSolution
		HideSolutionNode = FALSE
	EndGlobalSection
	GlobalSection(ExtensibilityGlobals) = postSolution
		SolutionGuid = {D690A8FC-9AB4-4C12-87F6-2450BAA51C50}
	EndGlobalSection
EndGlobal
